# THIS IS AN AUTOGENERATED FILE. DO NOT EDIT THIS FILE DIRECTLY.
# yarn lockfile v1


uglify-js@^3.14.3:
  version "3.14.3"
  resolved "https://registry.yarnpkg.com/uglify-js/-/uglify-js-3.14.3.tgz#c0f25dfea1e8e5323eccf59610be08b6043c15cf"
  integrity sha512-mic3aOdiq01DuSVx0TseaEzMIVqebMZ0Z3vaeDhFEh9bsc24hV1TFvN74reA2vs08D0ZWfNjAcJ3UbVLaBss+g==
